
Microsoft Visual Studio Solution File, Format Version 12.00
# Visual Studio 15
Project("{FAE04EC0-301F-11D3-BF4B-00C04F79EFBC}") = "Xianxia.Core.Tests", "Xianxia.Core.Tests.csproj", "{531B64F3-2FE5-F262-18E3-5623421D7BEB}"
EndProject
Project("{FAE04EC0-301F-11D3-BF4B-00C04F79EFBC}") = "Xianxia.Unity.T2", "Xianxia.Unity.T2.csproj", "{F918A00B-CAFC-76EE-FDF7-B60929E73453}"
EndProject
Project("{FAE04EC0-301F-11D3-BF4B-00C04F79EFBC}") = "Xianxia.Combat", "Xianxia.Combat.csproj", "{AA7E0593-AA8E-9630-781B-6B8FC4D5B98D}"
EndProject
Project("{FAE04EC0-301F-11D3-BF4B-00C04F79EFBC}") = "Xianxia.Core", "Xianxia.Core.csproj", "{B3600FCA-E4D3-F1B1-B2C2-C3BFADA0562D}"
EndProject
Project("{FAE04EC0-301F-11D3-BF4B-00C04F79EFBC}") = "Xianxia.Unity.T2.PlayModeTests", "Xianxia.Unity.T2.PlayModeTests.csproj", "{4E4B7526-4157-9FFD-DBF4-B80EFCA01A02}"
EndProject
Project("{FAE04EC0-301F-11D3-BF4B-00C04F79EFBC}") = "Xianxia.Unity.T2.Tests", "Xianxia.Unity.T2.Tests.csproj", "{086BCDF3-1829-F288-5CFE-24AB24D3BD29}"
EndProject
Project("{FAE04EC0-301F-11D3-BF4B-00C04F79EFBC}") = "Xianxia.Combat.Unity", "Xianxia.Combat.Unity.csproj", "{DB8B95CF-C789-335C-27E1-0B8657027871}"
EndProject
Project("{FAE04EC0-301F-11D3-BF4B-00C04F79EFBC}") = "Xianxia.Combat.Tests", "Xianxia.Combat.Tests.csproj", "{ECE303CB-D037-26CF-4753-CB74C364E861}"
EndProject
Project("{FAE04EC0-301F-11D3-BF4B-00C04F79EFBC}") = "Xianxia.Unity.T2.Editor", "Xianxia.Unity.T2.Editor.csproj", "{48605786-6DA0-9E01-43BD-7DF22892A238}"
EndProject
Global
	GlobalSection(SolutionConfigurationPlatforms) = preSolution
		Debug|Any CPU = Debug|Any CPU
		Release|Any CPU = Release|Any CPU
	EndGlobalSection
	GlobalSection(ProjectConfigurationPlatforms) = postSolution
		{531B64F3-2FE5-F262-18E3-5623421D7BEB}.Debug|Any CPU.ActiveCfg = Debug|Any CPU
		{531B64F3-2FE5-F262-18E3-5623421D7BEB}.Debug|Any CPU.Build.0 = Debug|Any CPU
		{531B64F3-2FE5-F262-18E3-5623421D7BEB}.Release|Any CPU.ActiveCfg = Release|Any CPU
		{531B64F3-2FE5-F262-18E3-5623421D7BEB}.Release|Any CPU.Build.0 = Release|Any CPU
		{F918A00B-CAFC-76EE-FDF7-B60929E73453}.Debug|Any CPU.ActiveCfg = Debug|Any CPU
		{F918A00B-CAFC-76EE-FDF7-B60929E73453}.Debug|Any CPU.Build.0 = Debug|Any CPU
		{F918A00B-CAFC-76EE-FDF7-B60929E73453}.Release|Any CPU.ActiveCfg = Release|Any CPU
		{F918A00B-CAFC-76EE-FDF7-B60929E73453}.Release|Any CPU.Build.0 = Release|Any CPU
		{AA7E0593-AA8E-9630-781B-6B8FC4D5B98D}.Debug|Any CPU.ActiveCfg = Debug|Any CPU
		{AA7E0593-AA8E-9630-781B-6B8FC4D5B98D}.Debug|Any CPU.Build.0 = Debug|Any CPU
		{AA7E0593-AA8E-9630-781B-6B8FC4D5B98D}.Release|Any CPU.ActiveCfg = Release|Any CPU
		{AA7E0593-AA8E-9630-781B-6B8FC4D5B98D}.Release|Any CPU.Build.0 = Release|Any CPU
		{B3600FCA-E4D3-F1B1-B2C2-C3BFADA0562D}.Debug|Any CPU.ActiveCfg = Debug|Any CPU
		{B3600FCA-E4D3-F1B1-B2C2-C3BFADA0562D}.Debug|Any CPU.Build.0 = Debug|Any CPU
		{B3600FCA-E4D3-F1B1-B2C2-C3BFADA0562D}.Release|Any CPU.ActiveCfg = Release|Any CPU
		{B3600FCA-E4D3-F1B1-B2C2-C3BFADA0562D}.Release|Any CPU.Build.0 = Release|Any CPU
		{4E4B7526-4157-9FFD-DBF4-B80EFCA01A02}.Debug|Any CPU.ActiveCfg = Debug|Any CPU
		{4E4B7526-4157-9FFD-DBF4-B80EFCA01A02}.Debug|Any CPU.Build.0 = Debug|Any CPU
		{4E4B7526-4157-9FFD-DBF4-B80EFCA01A02}.Release|Any CPU.ActiveCfg = Release|Any CPU
		{4E4B7526-4157-9FFD-DBF4-B80EFCA01A02}.Release|Any CPU.Build.0 = Release|Any CPU
		{086BCDF3-1829-F288-5CFE-24AB24D3BD29}.Debug|Any CPU.ActiveCfg = Debug|Any CPU
		{086BCDF3-1829-F288-5CFE-24AB24D3BD29}.Debug|Any CPU.Build.0 = Debug|Any CPU
		{086BCDF3-1829-F288-5CFE-24AB24D3BD29}.Release|Any CPU.ActiveCfg = Release|Any CPU
		{086BCDF3-1829-F288-5CFE-24AB24D3BD29}.Release|Any CPU.Build.0 = Release|Any CPU
		{DB8B95CF-C789-335C-27E1-0B8657027871}.Debug|Any CPU.ActiveCfg = Debug|Any CPU
		{DB8B95CF-C789-335C-27E1-0B8657027871}.Debug|Any CPU.Build.0 = Debug|Any CPU
		{DB8B95CF-C789-335C-27E1-0B8657027871}.Release|Any CPU.ActiveCfg = Release|Any CPU
		{DB8B95CF-C789-335C-27E1-0B8657027871}.Release|Any CPU.Build.0 = Release|Any CPU
		{ECE303CB-D037-26CF-4753-CB74C364E861}.Debug|Any CPU.ActiveCfg = Debug|Any CPU
		{ECE303CB-D037-26CF-4753-CB74C364E861}.Debug|Any CPU.Build.0 = Debug|Any CPU
		{ECE303CB-D037-26CF-4753-CB74C364E861}.Release|Any CPU.ActiveCfg = Release|Any CPU
		{ECE303CB-D037-26CF-4753-CB74C364E861}.Release|Any CPU.Build.0 = Release|Any CPU
		{48605786-6DA0-9E01-43BD-7DF22892A238}.Debug|Any CPU.ActiveCfg = Debug|Any CPU
		{48605786-6DA0-9E01-43BD-7DF22892A238}.Debug|Any CPU.Build.0 = Debug|Any CPU
		{48605786-6DA0-9E01-43BD-7DF22892A238}.Release|Any CPU.ActiveCfg = Release|Any CPU
		{48605786-6DA0-9E01-43BD-7DF22892A238}.Release|Any CPU.Build.0 = Release|Any CPU
	EndGlobalSection
	GlobalSection(SolutionProperties) = preSolution
		HideSolutionNode = FALSE
	EndGlobalSection
EndGlobal
